{
  "requires": true,
  "lockfileVersion": 1,
  "dependencies": {
    "super-hands": {
      "version": "3.0.0",
      "resolved": "https://registry.npmjs.org/super-hands/-/super-hands-3.0.0.tgz",
      "integrity": "sha512-zZl2Pk1Q3JiAuya3Ay2el5RwcxqAzR4QBe35/95atvIhU8KKt5CYPY9Zmkhz/5/UOpUOOKf+3kNQbWskiWkXTg=="
    }
  }
}
